
Microsoft Visual Studio Solution File, Format Version 12.00
# Visual Studio Version 16
VisualStudioVersion = 16.0.29709.97
MinimumVisualStudioVersion = 10.0.40219.1
Project("{FAE04EC0-301F-11D3-BF4B-00C04F79EFBC}") = "dz3", "dz3\dz3.csproj", "{15B7F4FD-90F0-4C77-8C6E-95B2CE72DF1E}"
EndProject
Project("{FAE04EC0-301F-11D3-BF4B-00C04F79EFBC}") = "Avtoriz", "Avtoriz\Avtoriz.csproj", "{A8942349-F72C-4073-A1FD-B0BD8C323ECE}"
EndProject
Global
	GlobalSection(SolutionConfigurationPlatforms) = preSolution
		Debug|Any CPU = Debug|Any CPU
		Release|Any CPU = Release|Any CPU
	EndGlobalSection
	GlobalSection(ProjectConfigurationPlatforms) = postSolution
		{15B7F4FD-90F0-4C77-8C6E-95B2CE72DF1E}.Debug|Any CPU.ActiveCfg = Debug|Any CPU
		{15B7F4FD-90F0-4C77-8C6E-95B2CE72DF1E}.Debug|Any CPU.Build.0 = Debug|Any CPU
		{15B7F4FD-90F0-4C77-8C6E-95B2CE72DF1E}.Release|Any CPU.ActiveCfg = Release|Any CPU
		{15B7F4FD-90F0-4C77-8C6E-95B2CE72DF1E}.Release|Any CPU.Build.0 = Release|Any CPU
		{A8942349-F72C-4073-A1FD-B0BD8C323ECE}.Debug|Any CPU.ActiveCfg = Debug|Any CPU
		{A8942349-F72C-4073-A1FD-B0BD8C323ECE}.Debug|Any CPU.Build.0 = Debug|Any CPU
		{A8942349-F72C-4073-A1FD-B0BD8C323ECE}.Release|Any CPU.ActiveCfg = Release|Any CPU
		{A8942349-F72C-4073-A1FD-B0BD8C323ECE}.Release|Any CPU.Build.0 = Release|Any CPU
	EndGlobalSection
	GlobalSection(SolutionProperties) = preSolution
		HideSolutionNode = FALSE
	EndGlobalSection
	GlobalSection(ExtensibilityGlobals) = postSolution
		SolutionGuid = {0F3C2713-7301-4CE5-B7BE-DF736A086052}
	EndGlobalSection
EndGlobal
